
Microsoft Visual Studio Solution File, Format Version 12.00
# Visual Studio Version 16
VisualStudioVersion = 16.0.29215.179
MinimumVisualStudioVersion = 10.0.40219.1
Project("{FAE04EC0-301F-11D3-BF4B-00C04F79EFBC}") = "CapsLock Systray", "CapsLock Systray\CapsLock Systray.csproj", "{038DA4B3-A568-42BC-80D7-B82DE7371BE7}"
EndProject
Project("{2150E333-8FDC-42A3-9474-1A3956D46DE8}") = "Solution Items", "Solution Items", "{B630276F-0261-47FE-9DB1-B4BB9A258ED8}"
	ProjectSection(SolutionItems) = preProject
		.editorconfig = .editorconfig
	EndProjectSection
EndProject
Global
	GlobalSection(SolutionConfigurationPlatforms) = preSolution
		Debug|Any CPU = Debug|Any CPU
		Release|Any CPU = Release|Any CPU
	EndGlobalSection
	GlobalSection(ProjectConfigurationPlatforms) = postSolution
		{038DA4B3-A568-42BC-80D7-B82DE7371BE7}.Debug|Any CPU.ActiveCfg = Debug|Any CPU
		{038DA4B3-A568-42BC-80D7-B82DE7371BE7}.Debug|Any CPU.Build.0 = Debug|Any CPU
		{038DA4B3-A568-42BC-80D7-B82DE7371BE7}.Release|Any CPU.ActiveCfg = Release|Any CPU
		{038DA4B3-A568-42BC-80D7-B82DE7371BE7}.Release|Any CPU.Build.0 = Release|Any CPU
	EndGlobalSection
	GlobalSection(SolutionProperties) = preSolution
		HideSolutionNode = FALSE
	EndGlobalSection
	GlobalSection(ExtensibilityGlobals) = postSolution
		SolutionGuid = {883B1482-108C-4B99-BB84-EC66243AB890}
	EndGlobalSection
EndGlobal
